
Microsoft Visual Studio Solution File, Format Version 12.00
# Visual Studio Version 16
VisualStudioVersion = 16.0.30128.74
MinimumVisualStudioVersion = 10.0.40219.1
Project("{FAE04EC0-301F-11D3-BF4B-00C04F79EFBC}") = "mvcQuoteJWT", "mvcQuoteJWT\mvcQuoteJWT.csproj", "{35E97843-2D01-4815-BA41-50DBD3BE49BE}"
EndProject
Global
	GlobalSection(SolutionConfigurationPlatforms) = preSolution
		Debug|Any CPU = Debug|Any CPU
		Release|Any CPU = Release|Any CPU
	EndGlobalSection
	GlobalSection(ProjectConfigurationPlatforms) = postSolution
		{35E97843-2D01-4815-BA41-50DBD3BE49BE}.Debug|Any CPU.ActiveCfg = Debug|Any CPU
		{35E97843-2D01-4815-BA41-50DBD3BE49BE}.Debug|Any CPU.Build.0 = Debug|Any CPU
		{35E97843-2D01-4815-BA41-50DBD3BE49BE}.Release|Any CPU.ActiveCfg = Release|Any CPU
		{35E97843-2D01-4815-BA41-50DBD3BE49BE}.Release|Any CPU.Build.0 = Release|Any CPU
	EndGlobalSection
	GlobalSection(SolutionProperties) = preSolution
		HideSolutionNode = FALSE
	EndGlobalSection
	GlobalSection(ExtensibilityGlobals) = postSolution
		SolutionGuid = {AF01C2F7-4155-4432-A94C-2737943337D3}
	EndGlobalSection
EndGlobal
