
Microsoft Visual Studio Solution File, Format Version 12.00
# Visual Studio Version 16
VisualStudioVersion = 16.0.30128.74
MinimumVisualStudioVersion = 10.0.40219.1
Project("{FAE04EC0-301F-11D3-BF4B-00C04F79EFBC}") = "easyMVCFramework", "easyMVCFramework\easyMVCFramework.csproj", "{2B3DA5CB-4EA7-4905-8E97-24DF3BBFF7CF}"
EndProject
Global
	GlobalSection(SolutionConfigurationPlatforms) = preSolution
		Debug|Any CPU = Debug|Any CPU
		Release|Any CPU = Release|Any CPU
	EndGlobalSection
	GlobalSection(ProjectConfigurationPlatforms) = postSolution
		{2B3DA5CB-4EA7-4905-8E97-24DF3BBFF7CF}.Debug|Any CPU.ActiveCfg = Debug|Any CPU
		{2B3DA5CB-4EA7-4905-8E97-24DF3BBFF7CF}.Debug|Any CPU.Build.0 = Debug|Any CPU
		{2B3DA5CB-4EA7-4905-8E97-24DF3BBFF7CF}.Release|Any CPU.ActiveCfg = Release|Any CPU
		{2B3DA5CB-4EA7-4905-8E97-24DF3BBFF7CF}.Release|Any CPU.Build.0 = Release|Any CPU
	EndGlobalSection
	GlobalSection(SolutionProperties) = preSolution
		HideSolutionNode = FALSE
	EndGlobalSection
	GlobalSection(ExtensibilityGlobals) = postSolution
		SolutionGuid = {928BEE1E-8418-47BD-91FF-41CA5A49D9B2}
	EndGlobalSection
EndGlobal
