
Microsoft Visual Studio Solution File, Format Version 12.00
# Visual Studio Version 16
VisualStudioVersion = 16.0.30128.74
MinimumVisualStudioVersion = 10.0.40219.1
Project("{FAE04EC0-301F-11D3-BF4B-00C04F79EFBC}") = "DotNetSample1", "DotNetSample1\DotNetSample1.csproj", "{DB51EF44-6C52-47A2-9FCC-12274A2F3BDC}"
EndProject
Project("{FAE04EC0-301F-11D3-BF4B-00C04F79EFBC}") = "Editor", "Editor\Editor.csproj", "{8F0BEE80-4C6E-4001-A277-3EAFC6BD092C}"
EndProject
Global
	GlobalSection(SolutionConfigurationPlatforms) = preSolution
		Debug|Any CPU = Debug|Any CPU
		Release|Any CPU = Release|Any CPU
	EndGlobalSection
	GlobalSection(ProjectConfigurationPlatforms) = postSolution
		{DB51EF44-6C52-47A2-9FCC-12274A2F3BDC}.Debug|Any CPU.ActiveCfg = Debug|Any CPU
		{DB51EF44-6C52-47A2-9FCC-12274A2F3BDC}.Debug|Any CPU.Build.0 = Debug|Any CPU
		{DB51EF44-6C52-47A2-9FCC-12274A2F3BDC}.Release|Any CPU.ActiveCfg = Release|Any CPU
		{DB51EF44-6C52-47A2-9FCC-12274A2F3BDC}.Release|Any CPU.Build.0 = Release|Any CPU
		{8F0BEE80-4C6E-4001-A277-3EAFC6BD092C}.Debug|Any CPU.ActiveCfg = Debug|Any CPU
		{8F0BEE80-4C6E-4001-A277-3EAFC6BD092C}.Debug|Any CPU.Build.0 = Debug|Any CPU
		{8F0BEE80-4C6E-4001-A277-3EAFC6BD092C}.Release|Any CPU.ActiveCfg = Release|Any CPU
		{8F0BEE80-4C6E-4001-A277-3EAFC6BD092C}.Release|Any CPU.Build.0 = Release|Any CPU
	EndGlobalSection
	GlobalSection(SolutionProperties) = preSolution
		HideSolutionNode = FALSE
	EndGlobalSection
	GlobalSection(ExtensibilityGlobals) = postSolution
		SolutionGuid = {6F8EB7E2-6B4C-4D72-BBFD-39811959BAB7}
	EndGlobalSection
EndGlobal
